
Microsoft Visual Studio Solution File, Format Version 12.00
# Visual Studio Version 17
VisualStudioVersion = 17.7.34202.233
MinimumVisualStudioVersion = 10.0.40219.1
Project("{FAE04EC0-301F-11D3-BF4B-00C04F79EFBC}") = "Práctica 16", "Práctica 16.csproj", "{7B69CBD3-A450-4660-B4F7-DF7A1A26B9D5}"
EndProject
Global
	GlobalSection(SolutionConfigurationPlatforms) = preSolution
		Debug|Any CPU = Debug|Any CPU
		Release|Any CPU = Release|Any CPU
	EndGlobalSection
	GlobalSection(ProjectConfigurationPlatforms) = postSolution
		{7B69CBD3-A450-4660-B4F7-DF7A1A26B9D5}.Debug|Any CPU.ActiveCfg = Debug|Any CPU
		{7B69CBD3-A450-4660-B4F7-DF7A1A26B9D5}.Debug|Any CPU.Build.0 = Debug|Any CPU
		{7B69CBD3-A450-4660-B4F7-DF7A1A26B9D5}.Release|Any CPU.ActiveCfg = Release|Any CPU
		{7B69CBD3-A450-4660-B4F7-DF7A1A26B9D5}.Release|Any CPU.Build.0 = Release|Any CPU
	EndGlobalSection
	GlobalSection(SolutionProperties) = preSolution
		HideSolutionNode = FALSE
	EndGlobalSection
	GlobalSection(ExtensibilityGlobals) = postSolution
		SolutionGuid = {57B643E4-A9BB-4DDD-9F84-6F267F540772}
	EndGlobalSection
EndGlobal
